PODS:
  - Flutter (1.0.0)
  - nested_navigators (0.0.1):
    - Flutter

DEPENDENCIES:
  - Flutter (from `.symlinks/flutter/ios`)
  - nested_navigators (from `.symlinks/plugins/nested_navigators/ios`)

EXTERNAL SOURCES:
  Flutter:
    :path: ".symlinks/flutter/ios"
  nested_navigators:
    :path: ".symlinks/plugins/nested_navigators/ios"

SPEC CHECKSUMS:
  Flutter: 0e3d915762c693b495b44d77113d4970485de6ec
  nested_navigators: 82d1cf0dc3f43f9bf01e40ab6e90f722c0e80a3b

PODFILE CHECKSUM: aff02bfeed411c636180d6812254b2daeea14d09

COCOAPODS: 1.9.1
